// !$*UTF8*$!
{
	archiveVersion = 1;
	classes = {
	};
	objectVersion = 46;
	objects = {

/* Begin PBXBuildFile section */
		680213DC1FC254150039483E /* Main.storyboard in Resources */ = {isa = PBXBuildFile; fileRef = 684D0E721FBCB5FA00A55755 /* Main.storyboard */; };
		684D0E6F1FBCB5FA00A55755 /* AppDelegate.swift in Sources */ = {isa = PBXBuildFile; fileRef = 684D0E6E1FBCB5FA00A55755 /* AppDelegate.swift */; };
		684D0E711FBCB5FA00A55755 /* ViewController.swift in Sources */ = {isa = PBXBuildFile; fileRef = 684D0E701FBCB5FA00A55755 /* ViewController.swift */; };
		684D0E761FBCB5FA00A55755 /* Assets.xcassets in Resources */ = {isa = PBXBuildFile; fileRef = 684D0E751FBCB5FA00A55755 /* Assets.xcassets */; };
		684D0E791FBCB5FA00A55755 /* LaunchScreen.storyboard in Resources */ = {isa = PBXBuildFile; fileRef = 684D0E771FBCB5FA00A55755 /* LaunchScreen.storyboard */; };
		684D0E841FBCB5FA00A55755 /* att2Tests.swift in Sources */ = {isa = PBXBuildFile; fileRef = 684D0E831FBCB5FA00A55755 /* att2Tests.swift */; };
		684D0E8F1FBCB5FA00A55755 /* att2UITests.swift in Sources */ = {isa = PBXBuildFile; fileRef = 684D0E8E1FBCB5FA00A55755 /* att2UITests.swift */; };
		684D0E9D1FBCB6EC00A55755 /* LocationPoint.swift in Sources */ = {isa = PBXBuildFile; fileRef = 684D0E9C1FBCB6EC00A55755 /* LocationPoint.swift */; };
		684D0EA01FBCB73B00A55755 /* MapKit.framework in Frameworks */ = {isa = PBXBuildFile; fileRef = 684D0E9F1FBCB73B00A55755 /* MapKit.framework */; };
		687323D41FC230A700A44030 /* SearchViewController.swift in Sources */ = {isa = PBXBuildFile; fileRef = 687323D31FC230A700A44030 /* SearchViewController.swift */; };
/* End PBXBuildFile section */

/* Begin PBXContainerItemProxy section */
		684D0E801FBCB5FA00A55755 /* PBXContainerItemProxy */ = {
			isa = PBXContainerItemProxy;
			containerPortal = 684D0E631FBCB5FA00A55755 /* Project object */;
			proxyType = 1;
			remoteGlobalIDString = 684D0E6A1FBCB5FA00A55755;
			remoteInfo = att2;
		};
		684D0E8B1FBCB5FA00A55755 /* PBXContainerItemProxy */ = {
			isa = PBXContainerItemProxy;
			containerPortal = 684D0E631FBCB5FA00A55755 /* Project object */;
			proxyType = 1;
			remoteGlobalIDString = 684D0E6A1FBCB5FA00A55755;
			remoteInfo = att2;
		};
/* End PBXContainerItemProxy section */

/* Begin PBXFileReference section */
		684D0E6B1FBCB5FA00A55755 /* att2.app */ = {isa = PBXFileReference; explicitFileType = wrapper.application; includeInIndex = 0; path = att2.app; sourceTree = BUILT_PRODUCTS_DIR; };
		684D0E6E1FBCB5FA00A55755 /* AppDelegate.swift */ = {isa = PBXFileReference; lastKnownFileType = sourcecode.swift; path = AppDelegate.swift; sourceTree = "<group>"; };
		684D0E701FBCB5FA00A55755 /* ViewController.swift */ = {isa = PBXFileReference; lastKnownFileType = sourcecode.swift; path = ViewController.swift; sourceTree = "<group>"; };
		684D0E731FBCB5FA00A55755 /* Base */ = {isa = PBXFileReference; lastKnownFileType = file.storyboard; name = Base; path = Base.lproj/Main.storyboard; sourceTree = "<group>"; };
		684D0E751FBCB5FA00A55755 /* Assets.xcassets */ = {isa = PBXFileReference; lastKnownFileType = folder.assetcatalog; path = Assets.xcassets; sourceTree = "<group>"; };
		684D0E781FBCB5FA00A55755 /* Base */ = {isa = PBXFileReference; lastKnownFileType = file.storyboard; name = Base; path = Base.lproj/LaunchScreen.storyboard; sourceTree = "<group>"; };
		684D0E7A1FBCB5FA00A55755 /* Info.plist */ = {isa = PBXFileReference; lastKnownFileType = text.plist.xml; path = Info.plist; sourceTree = "<group>"; };
		684D0E7F1FBCB5FA00A55755 /* att2Tests.xctest */ = {isa = PBXFileReference; explicitFileType = wrapper.cfbundle; includeInIndex = 0; path = att2Tests.xctest; sourceTree = BUILT_PRODUCTS_DIR; };
		684D0E831FBCB5FA00A55755 /* att2Tests.swift */ = {isa = PBXFileReference; lastKnownFileType = sourcecode.swift; path = att2Tests.swift; sourceTree = "<group>"; };
		684D0E851FBCB5FA00A55755 /* Info.plist */ = {isa = PBXFileReference; lastKnownFileType = text.plist.xml; path = Info.plist; sourceTree = "<group>"; };
		684D0E8A1FBCB5FA00A55755 /* att2UITests.xctest */ = {isa = PBXFileReference; explicitFileType = wrapper.cfbundle; includeInIndex = 0; path = att2UITests.xctest; sourceTree = BUILT_PRODUCTS_DIR; };
		684D0E8E1FBCB5FA00A55755 /* att2UITests.swift */ = {isa = PBXFileReference; lastKnownFileType = sourcecode.swift; path = att2UITests.swift; sourceTree = "<group>"; };
		684D0E901FBCB5FA00A55755 /* Info.plist */ = {isa = PBXFileReference; lastKnownFileType = text.plist.xml; path = Info.plist; sourceTree = "<group>"; };
		684D0E9C1FBCB6EC00A55755 /* LocationPoint.swift */ = {isa = PBXFileReference; fileEncoding = 4; lastKnownFileType = sourcecode.swift; path = LocationPoint.swift; sourceTree = "<group>"; };
		684D0E9F1FBCB73B00A55755 /* MapKit.framework */ = {isa = PBXFileReference; lastKnownFileType = wrapper.framework; name = MapKit.framework; path = System/Library/Frameworks/MapKit.framework; sourceTree = SDKROOT; };
		687323D31FC230A700A44030 /* SearchViewController.swift */ = {isa = PBXFileReference; fileEncoding = 4; lastKnownFileType = sourcecode.swift; path = SearchViewController.swift; sourceTree = "<group>"; };
/* End PBXFileReference section */

/* Begin PBXFrameworksBuildPhase section */
		684D0E681FBCB5FA00A55755 /* Frameworks */ = {
			isa = PBXFrameworksBuildPhase;
			buildActionMask = 2147483647;
			files = (
				684D0EA01FBCB73B00A55755 /* MapKit.framework in Frameworks */,
			);
			runOnlyForDeploymentPostprocessing = 0;
		};
		684D0E7C1FBCB5FA00A55755 /* Frameworks */ = {
			isa = PBXFrameworksBuildPhase;
			buildActionMask = 2147483647;
			files = (
			);
			runOnlyForDeploymentPostprocessing = 0;
		};
		684D0E871FBCB5FA00A55755 /* Frameworks */ = {
			isa = PBXFrameworksBuildPhase;
			buildActionMask = 2147483647;
			files = (
			);
			runOnlyForDeploymentPostprocessing = 0;
		};
/* End PBXFrameworksBuildPhase section */

/* Begin PBXGroup section */
		684D0E621FBCB5FA00A55755 = {
			isa = PBXGroup;
			children = (
				684D0E6D1FBCB5FA00A55755 /* att2 */,
				684D0E821FBCB5FA00A55755 /* att2Tests */,
				684D0E8D1FBCB5FA00A55755 /* att2UITests */,
				684D0E6C1FBCB5FA00A55755 /* Products */,
				684D0E9E1FBCB73B00A55755 /* Frameworks */,
			);
			sourceTree = "<group>";
		};
		684D0E6C1FBCB5FA00A55755 /* Products */ = {
			isa = PBXGroup;
			children = (
				684D0E6B1FBCB5FA00A55755 /* att2.app */,
				684D0E7F1FBCB5FA00A55755 /* att2Tests.xctest */,
				684D0E8A1FBCB5FA00A55755 /* att2UITests.xctest */,
			);
			name = Products;
			sourceTree = "<group>";
		};
		684D0E6D1FBCB5FA00A55755 /* att2 */ = {
			isa = PBXGroup;
			children = (
				684D0E6E1FBCB5FA00A55755 /* AppDelegate.swift */,
				684D0E701FBCB5FA00A55755 /* ViewController.swift */,
				684D0E721FBCB5FA00A55755 /* Main.storyboard */,
				684D0E751FBCB5FA00A55755 /* Assets.xcassets */,
				684D0E771FBCB5FA00A55755 /* LaunchScreen.storyboard */,
				684D0E7A1FBCB5FA00A55755 /* Info.plist */,
				684D0E9C1FBCB6EC00A55755 /* LocationPoint.swift */,
				687323D31FC230A700A44030 /* SearchViewController.swift */,
			);
			path = att2;
			sourceTree = "<group>";
		};
		684D0E821FBCB5FA00A55755 /* att2Tests */ = {
			isa = PBXGroup;
			children = (
				684D0E831FBCB5FA00A55755 /* att2Tests.swift */,
				684D0E851FBCB5FA00A55755 /* Info.plist */,
			);
			path = att2Tests;
			sourceTree = "<group>";
		};
		684D0E8D1FBCB5FA00A55755 /* att2UITests */ = {
			isa = PBXGroup;
			children = (
				684D0E8E1FBCB5FA00A55755 /* att2UITests.swift */,
				684D0E901FBCB5FA00A55755 /* Info.plist */,
			);
			path = att2UITests;
			sourceTree = "<group>";
		};
		684D0E9E1FBCB73B00A55755 /* Frameworks */ = {
			isa = PBXGroup;
			children = (
				684D0E9F1FBCB73B00A55755 /* MapKit.framework */,
			);
			name = Frameworks;
			sourceTree = "<group>";
		};
/* End PBXGroup section */

/* Begin PBXNativeTarget section */
		684D0E6A1FBCB5FA00A55755 /* att2 */ = {
			isa = PBXNativeTarget;
			buildConfigurationList = 684D0E931FBCB5FA00A55755 /* Build configuration list for PBXNativeTarget "att2" */;
			buildPhases = (
				684D0E671FBCB5FA00A55755 /* Sources */,
				684D0E681FBCB5FA00A55755 /* Frameworks */,
				684D0E691FBCB5FA00A55755 /* Resources */,
			);
			buildRules = (
			);
			dependencies = (
			);
			name = att2;
			productName = att2;
			productReference = 684D0E6B1FBCB5FA00A55755 /* att2.app */;
			productType = "com.apple.product-type.application";
		};
		684D0E7E1FBCB5FA00A55755 /* att2Tests */ = {
			isa = PBXNativeTarget;
			buildConfigurationList = 684D0E961FBCB5FA00A55755 /* Build configuration list for PBXNativeTarget "att2Tests" */;
			buildPhases = (
				684D0E7B1FBCB5FA00A55755 /* Sources */,
				684D0E7C1FBCB5FA00A55755 /* Frameworks */,
				684D0E7D1FBCB5FA00A55755 /* Resources */,
			);
			buildRules = (
			);
			dependencies = (
				684D0E811FBCB5FA00A55755 /* PBXTargetDependency */,
			);
			name = att2Tests;
			productName = att2Tests;
			productReference = 684D0E7F1FBCB5FA00A55755 /* att2Tests.xctest */;
			productType = "com.apple.product-type.bundle.unit-test";
		};
		684D0E891FBCB5FA00A55755 /* att2UITests */ = {
			isa = PBXNativeTarget;
			buildConfigurationList = 684D0E991FBCB5FA00A55755 /* Build configuration list for PBXNativeTarget "att2UITests" */;
			buildPhases = (
				684D0E861FBCB5FA00A55755 /* Sources */,
				684D0E871FBCB5FA00A55755 /* Frameworks */,
				684D0E881FBCB5FA00A55755 /* Resources */,
			);
			buildRules = (
			);
			dependencies = (
				684D0E8C1FBCB5FA00A55755 /* PBXTargetDependency */,
			);
			name = att2UITests;
			productName = att2UITests;
			productReference = 684D0E8A1FBCB5FA00A55755 /* att2UITests.xctest */;
			productType = "com.apple.product-type.bundle.ui-testing";
		};
/* End PBXNativeTarget section */

/* Begin PBXProject section */
		684D0E631FBCB5FA00A55755 /* Project object */ = {
			isa = PBXProject;
			attributes = {
				LastSwiftUpdateCheck = 0830;
				LastUpgradeCheck = 0830;
				ORGANIZATIONNAME = "Sasha CSE438";
				TargetAttributes = {
					684D0E6A1FBCB5FA00A55755 = {
						CreatedOnToolsVersion = 8.3.3;
						ProvisioningStyle = Automatic;
						SystemCapabilities = {
							com.apple.BackgroundModes = {
								enabled = 1;
							};
							com.apple.Maps.iOS = {
								enabled = 1;
							};
						};
					};
					684D0E7E1FBCB5FA00A55755 = {
						CreatedOnToolsVersion = 8.3.3;
						ProvisioningStyle = Automatic;
						TestTargetID = 684D0E6A1FBCB5FA00A55755;
					};
					684D0E891FBCB5FA00A55755 = {
						CreatedOnToolsVersion = 8.3.3;
						ProvisioningStyle = Automatic;
						TestTargetID = 684D0E6A1FBCB5FA00A55755;
					};
				};
			};
			buildConfigurationList = 684D0E661FBCB5FA00A55755 /* Build configuration list for PBXProject "att2" */;
			compatibilityVersion = "Xcode 3.2";
			developmentRegion = English;
			hasScannedForEncodings = 0;
			knownRegions = (
				en,
				Base,
			);
			mainGroup = 684D0E621FBCB5FA00A55755;
			productRefGroup = 684D0E6C1FBCB5FA00A55755 /* Products */;
			projectDirPath = "";
			projectRoot = "";
			targets = (
				684D0E6A1FBCB5FA00A55755 /* att2 */,
				684D0E7E1FBCB5FA00A55755 /* att2Tests */,
				684D0E891FBCB5FA00A55755 /* att2UITests */,
			);
		};
/* End PBXProject section */

/* Begin PBXResourcesBuildPhase section */
		684D0E691FBCB5FA00A55755 /* Resources */ = {
			isa = PBXResourcesBuildPhase;
			buildActionMask = 2147483647;
			files = (
				680213DC1FC254150039483E /* Main.storyboard in Resources */,
				684D0E791FBCB5FA00A55755 /* LaunchScreen.storyboard in Resources */,
				684D0E761FBCB5FA00A55755 /* Assets.xcassets in Resources */,
			);
			runOnlyForDeploymentPostprocessing = 0;
		};
		684D0E7D1FBCB5FA00A55755 /* Resources */ = {
			isa = PBXResourcesBuildPhase;
			buildActionMask = 2147483647;
			files = (
			);
			runOnlyForDeploymentPostprocessing = 0;
		};
		684D0E881FBCB5FA00A55755 /* Resources */ = {
			isa = PBXResourcesBuildPhase;
			buildActionMask = 2147483647;
			files = (
			);
			runOnlyForDeploymentPostprocessing = 0;
		};
/* End PBXResourcesBuildPhase section */

/* Begin PBXSourcesBuildPhase section */
		684D0E671FBCB5FA00A55755 /* Sources */ = {
			isa = PBXSourcesBuildPhase;
			buildActionMask = 2147483647;
			files = (
				684D0E711FBCB5FA00A55755 /* ViewController.swift in Sources */,
				684D0E9D1FBCB6EC00A55755 /* LocationPoint.swift in Sources */,
				687323D41FC230A700A44030 /* SearchViewController.swift in Sources */,
				684D0E6F1FBCB5FA00A55755 /* AppDelegate.swift in Sources */,
			);
			runOnlyForDeploymentPostprocessing = 0;
		};
		684D0E7B1FBCB5FA00A55755 /* Sources */ = {
			isa = PBXSourcesBuildPhase;
			buildActionMask = 2147483647;
			files = (
				684D0E841FBCB5FA00A55755 /* att2Tests.swift in Sources */,
			);
			runOnlyForDeploymentPostprocessing = 0;
		};
		684D0E861FBCB5FA00A55755 /* Sources */ = {
			isa = PBXSourcesBuildPhase;
			buildActionMask = 2147483647;
			files = (
				684D0E8F1FBCB5FA00A55755 /* att2UITests.swift in Sources */,
			);
			runOnlyForDeploymentPostprocessing = 0;
		};
/* End PBXSourcesBuildPhase section */

/* Begin PBXTargetDependency section */
		684D0E811FBCB5FA00A55755 /* PBXTargetDependency */ = {
			isa = PBXTargetDependency;
			target = 684D0E6A1FBCB5FA00A55755 /* att2 */;
			targetProxy = 684D0E801FBCB5FA00A55755 /* PBXContainerItemProxy */;
		};
		684D0E8C1FBCB5FA00A55755 /* PBXTargetDependency */ = {
			isa = PBXTargetDependency;
			target = 684D0E6A1FBCB5FA00A55755 /* att2 */;
			targetProxy = 684D0E8B1FBCB5FA00A55755 /* PBXContainerItemProxy */;
		};
/* End PBXTargetDependency section */

/* Begin PBXVariantGroup section */
		684D0E721FBCB5FA00A55755 /* Main.storyboard */ = {
			isa = PBXVariantGroup;
			children = (
				684D0E731FBCB5FA00A55755 /* Base */,
			);
			name = Main.storyboard;
			sourceTree = "<group>";
		};
		684D0E771FBCB5FA00A55755 /* LaunchScreen.storyboard */ = {
			isa = PBXVariantGroup;
			children = (
				684D0E781FBCB5FA00A55755 /* Base */,
			);
			name = LaunchScreen.storyboard;
			sourceTree = "<group>";
		};
/* End PBXVariantGroup section */

/* Begin XCBuildConfiguration section */
		684D0E911FBCB5FA00A55755 /* Debug */ = {
			isa = XCBuildConfiguration;
			buildSettings = {
				ALWAYS_SEARCH_USER_PATHS = NO;
				CLANG_ANALYZER_NONNULL = YES;
				CLANG_ANALYZER_NUMBER_OBJECT_CONVERSION = YES_AGGRESSIVE;
				CLANG_CXX_LANGUAGE_STANDARD = "gnu++0x";
				CLANG_CXX_LIBRARY = "libc++";
				CLANG_ENABLE_MODULES = YES;
				CLANG_ENABLE_OBJC_ARC = YES;
				CLANG_WARN_BOOL_CONVERSION = YES;
				CLANG_WARN_CONSTANT_CONVERSION = YES;
				CLANG_WARN_DIRECT_OBJC_ISA_USAGE = YES_ERROR;
				CLANG_WARN_DOCUMENTATION_COMMENTS = YES;
				CLANG_WARN_EMPTY_BODY = YES;
				CLANG_WARN_ENUM_CONVERSION = YES;
				CLANG_WARN_INFINITE_RECURSION = YES;
				CLANG_WARN_INT_CONVERSION = YES;
				CLANG_WARN_OBJC_ROOT_CLASS = YES_ERROR;
				CLANG_WARN_SUSPICIOUS_MOVE = YES;
				CLANG_WARN_UNREACHABLE_CODE = YES;
				CLANG_WARN__DUPLICATE_METHOD_MATCH = YES;
				"CODE_SIGN_IDENTITY[sdk=iphoneos*]" = "iPhone Developer";
				COPY_PHASE_STRIP = NO;
				DEBUG_INFORMATION_FORMAT = dwarf;
				ENABLE_STRICT_OBJC_MSGSEND = YES;
				ENABLE_TESTABILITY = YES;
				GCC_C_LANGUAGE_STANDARD = gnu99;
				GCC_DYNAMIC_NO_PIC = NO;
				GCC_NO_COMMON_BLOCKS = YES;
				GCC_OPTIMIZATION_LEVEL = 0;
				GCC_PREPROCESSOR_DEFINITIONS = (
					"DEBUG=1",
					"$(inherited)",
				);
				GCC_WARN_64_TO_32_BIT_CONVERSION = YES;
				GCC_WARN_ABOUT_RETURN_TYPE = YES_ERROR;
				GCC_WARN_UNDECLARED_SELECTOR = YES;
				GCC_WARN_UNINITIALIZED_AUTOS = YES_AGGRESSIVE;
				GCC_WARN_UNUSED_FUNCTION = YES;
				GCC_WARN_UNUSED_VARIABLE = YES;
				IPHONEOS_DEPLOYMENT_TARGET = 10.3;
				MTL_ENABLE_DEBUG_INFO = YES;
				ONLY_ACTIVE_ARCH = YES;
				SDKROOT = iphoneos;
				SWIFT_ACTIVE_COMPILATION_CONDITIONS = DEBUG;
				SWIFT_OPTIMIZATION_LEVEL = "-Onone";
				TARGETED_DEVICE_FAMILY = "1,2";
			};
			name = Debug;
		};
		684D0E921FBCB5FA00A55755 /* Release */ = {
			isa = XCBuildConfiguration;
			buildSettings = {
				ALWAYS_SEARCH_USER_PATHS = NO;
				CLANG_ANALYZER_NONNULL = YES;
				CLANG_ANALYZER_NUMBER_OBJECT_CONVERSION = YES_AGGRESSIVE;
				CLANG_CXX_LANGUAGE_STANDARD = "gnu++0x";
				CLANG_CXX_LIBRARY = "libc++";
				CLANG_ENABLE_MODULES = YES;
				CLANG_ENABLE_OBJC_ARC = YES;
				CLANG_WARN_BOOL_CONVERSION = YES;
				CLANG_WARN_CONSTANT_CONVERSION = YES;
				CLANG_WARN_DIRECT_OBJC_ISA_USAGE = YES_ERROR;
				CLANG_WARN_DOCUMENTATION_COMMENTS = YES;
				CLANG_WARN_EMPTY_BODY = YES;
				CLANG_WARN_ENUM_CONVERSION = YES;
				CLANG_WARN_INFINITE_RECURSION = YES;
				CLANG_WARN_INT_CONVERSION = YES;
				CLANG_WARN_OBJC_ROOT_CLASS = YES_ERROR;
				CLANG_WARN_SUSPICIOUS_MOVE = YES;
				CLANG_WARN_UNREACHABLE_CODE = YES;
				CLANG_WARN__DUPLICATE_METHOD_MATCH = YES;
				"CODE_SIGN_IDENTITY[sdk=iphoneos*]" = "iPhone Developer";
				COPY_PHASE_STRIP = NO;
				DEBUG_INFORMATION_FORMAT = "dwarf-with-dsym";
				ENABLE_NS_ASSERTIONS = NO;
				ENABLE_STRICT_OBJC_MSGSEND = YES;
				GCC_C_LANGUAGE_STANDARD = gnu99;
				GCC_NO_COMMON_BLOCKS = YES;
				GCC_WARN_64_TO_32_BIT_CONVERSION = YES;
				GCC_WARN_ABOUT_RETURN_TYPE = YES_ERROR;
				GCC_WARN_UNDECLARED_SELECTOR = YES;
				GCC_WARN_UNINITIALIZED_AUTOS = YES_AGGRESSIVE;
				GCC_WARN_UNUSED_FUNCTION = YES;
				GCC_WARN_UNUSED_VARIABLE = YES;
				IPHONEOS_DEPLOYMENT_TARGET = 10.3;
				MTL_ENABLE_DEBUG_INFO = NO;
				SDKROOT = iphoneos;
				SWIFT_OPTIMIZATION_LEVEL = "-Owholemodule";
				TARGETED_DEVICE_FAMILY = "1,2";
				VALIDATE_PRODUCT = YES;
			};
			name = Release;
		};
		684D0E941FBCB5FA00A55755 /* Debug */ = {
			isa = XCBuildConfiguration;
			buildSettings = {
				ASSETCATALOG_COMPILER_APPICON_NAME = AppIcon;
				INFOPLIST_FILE = att2/Info.plist;
				LD_RUNPATH_SEARCH_PATHS = "$(inherited) @executable_path/Frameworks";
				PRODUCT_BUNDLE_IDENTIFIER = wustl.att2;
				PRODUCT_NAME = "$(TARGET_NAME)";
				SWIFT_VERSION = 3.0;
			};
			name = Debug;
		};
		684D0E951FBCB5FA00A55755 /* Release */ = {
			isa = XCBuildConfiguration;
			buildSettings = {
				ASSETCATALOG_COMPILER_APPICON_NAME = AppIcon;
				INFOPLIST_FILE = att2/Info.plist;
				LD_RUNPATH_SEARCH_PATHS = "$(inherited) @executable_path/Frameworks";
				PRODUCT_BUNDLE_IDENTIFIER = wustl.att2;
				PRODUCT_NAME = "$(TARGET_NAME)";
				SWIFT_VERSION = 3.0;
			};
			name = Release;
		};
		684D0E971FBCB5FA00A55755 /* Debug */ = {
			isa = XCBuildConfiguration;
			buildSettings = {
				ALWAYS_EMBED_SWIFT_STANDARD_LIBRARIES = YES;
				BUNDLE_LOADER = "$(TEST_HOST)";
				INFOPLIST_FILE = att2Tests/Info.plist;
				LD_RUNPATH_SEARCH_PATHS = "$(inherited) @executable_path/Frameworks @loader_path/Frameworks";
				PRODUCT_BUNDLE_IDENTIFIER = wustl.att2Tests;
				PRODUCT_NAME = "$(TARGET_NAME)";
				SWIFT_VERSION = 3.0;
				TEST_HOST = "$(BUILT_PRODUCTS_DIR)/att2.app/att2";
			};
			name = Debug;
		};
		684D0E981FBCB5FA00A55755 /* Release */ = {
			isa = XCBuildConfiguration;
			buildSettings = {
				ALWAYS_EMBED_SWIFT_STANDARD_LIBRARIES = YES;
				BUNDLE_LOADER = "$(TEST_HOST)";
				INFOPLIST_FILE = att2Tests/Info.plist;
				LD_RUNPATH_SEARCH_PATHS = "$(inherited) @executable_path/Frameworks @loader_path/Frameworks";
				PRODUCT_BUNDLE_IDENTIFIER = wustl.att2Tests;
				PRODUCT_NAME = "$(TARGET_NAME)";
				SWIFT_VERSION = 3.0;
				TEST_HOST = "$(BUILT_PRODUCTS_DIR)/att2.app/att2";
			};
			name = Release;
		};
		684D0E9A1FBCB5FA00A55755 /* Debug */ = {
			isa = XCBuildConfiguration;
			buildSettings = {
				ALWAYS_EMBED_SWIFT_STANDARD_LIBRARIES = YES;
				INFOPLIST_FILE = att2UITests/Info.plist;
				LD_RUNPATH_SEARCH_PATHS = "$(inherited) @executable_path/Frameworks @loader_path/Frameworks";
				PRODUCT_BUNDLE_IDENTIFIER = wustl.att2UITests;
				PRODUCT_NAME = "$(TARGET_NAME)";
				SWIFT_VERSION = 3.0;
				TEST_TARGET_NAME = att2;
			};
			name = Debug;
		};
		684D0E9B1FBCB5FA00A55755 /* Release */ = {
			isa = XCBuildConfiguration;
			buildSettings = {
				ALWAYS_EMBED_SWIFT_STANDARD_LIBRARIES = YES;
				INFOPLIST_FILE = att2UITests/Info.plist;
				LD_RUNPATH_SEARCH_PATHS = "$(inherited) @executable_path/Frameworks @loader_path/Frameworks";
				PRODUCT_BUNDLE_IDENTIFIER = wustl.att2UITests;
				PRODUCT_NAME = "$(TARGET_NAME)";
				SWIFT_VERSION = 3.0;
				TEST_TARGET_NAME = att2;
			};
			name = Release;
		};
/* End XCBuildConfiguration section */

/* Begin XCConfigurationList section */
		684D0E661FBCB5FA00A55755 /* Build configuration list for PBXProject "att2" */ = {
			isa = XCConfigurationList;
			buildConfigurations = (
				684D0E911FBCB5FA00A55755 /* Debug */,
				684D0E921FBCB5FA00A55755 /* Release */,
			);
			defaultConfigurationIsVisible = 0;
			defaultConfigurationName = Release;
		};
		684D0E931FBCB5FA00A55755 /* Build configuration list for PBXNativeTarget "att2" */ = {
			isa = XCConfigurationList;
			buildConfigurations = (
				684D0E941FBCB5FA00A55755 /* Debug */,
				684D0E951FBCB5FA00A55755 /* Release */,
			);
			defaultConfigurationIsVisible = 0;
			defaultConfigurationName = Release;
		};
		684D0E961FBCB5FA00A55755 /* Build configuration list for PBXNativeTarget "att2Tests" */ = {
			isa = XCConfigurationList;
			buildConfigurations = (
				684D0E971FBCB5FA00A55755 /* Debug */,
				684D0E981FBCB5FA00A55755 /* Release */,
			);
			defaultConfigurationIsVisible = 0;
			defaultConfigurationName = Release;
		};
		684D0E991FBCB5FA00A55755 /* Build configuration list for PBXNativeTarget "att2UITests" */ = {
			isa = XCConfigurationList;
			buildConfigurations = (
				684D0E9A1FBCB5FA00A55755 /* Debug */,
				684D0E9B1FBCB5FA00A55755 /* Release */,
			);
			defaultConfigurationIsVisible = 0;
			defaultConfigurationName = Release;
		};
/* End XCConfigurationList section */
	};
	rootObject = 684D0E631FBCB5FA00A55755 /* Project object */;
}
